
Microsoft Visual Studio Solution File, Format Version 12.00
# Visual Studio 15
VisualStudioVersion = 15.0.28307.1622
MinimumVisualStudioVersion = 10.0.40219.1
Project("{FAE04EC0-301F-11D3-BF4B-00C04F79EFBC}") = "Farmacia_Medic", "Farmacia_Medic\Farmacia_Medic.csproj", "{E5D16560-7908-4A81-AFB1-949698AF7EF9}"
EndProject
Project("{FAE04EC0-301F-11D3-BF4B-00C04F79EFBC}") = "CapaDatosPrueba", "CapaDatosPrueba\CapaDatosPrueba.csproj", "{71402FA3-8D50-44C7-A549-22F8EB8A0D99}"
EndProject
Project("{FAE04EC0-301F-11D3-BF4B-00C04F79EFBC}") = "CapaNegocioPrueba", "CapaNegocioPrueba\CapaNegocioPrueba.csproj", "{EEDACDAB-9766-40A8-89C5-DD02A54B60B6}"
EndProject
Global
	GlobalSection(SolutionConfigurationPlatforms) = preSolution
		Debug|Any CPU = Debug|Any CPU
		Release|Any CPU = Release|Any CPU
	EndGlobalSection
	GlobalSection(ProjectConfigurationPlatforms) = postSolution
		{E5D16560-7908-4A81-AFB1-949698AF7EF9}.Debug|Any CPU.ActiveCfg = Debug|Any CPU
		{E5D16560-7908-4A81-AFB1-949698AF7EF9}.Debug|Any CPU.Build.0 = Debug|Any CPU
		{E5D16560-7908-4A81-AFB1-949698AF7EF9}.Release|Any CPU.ActiveCfg = Release|Any CPU
		{E5D16560-7908-4A81-AFB1-949698AF7EF9}.Release|Any CPU.Build.0 = Release|Any CPU
		{71402FA3-8D50-44C7-A549-22F8EB8A0D99}.Debug|Any CPU.ActiveCfg = Debug|Any CPU
		{71402FA3-8D50-44C7-A549-22F8EB8A0D99}.Debug|Any CPU.Build.0 = Debug|Any CPU
		{71402FA3-8D50-44C7-A549-22F8EB8A0D99}.Release|Any CPU.ActiveCfg = Release|Any CPU
		{71402FA3-8D50-44C7-A549-22F8EB8A0D99}.Release|Any CPU.Build.0 = Release|Any CPU
		{EEDACDAB-9766-40A8-89C5-DD02A54B60B6}.Debug|Any CPU.ActiveCfg = Debug|Any CPU
		{EEDACDAB-9766-40A8-89C5-DD02A54B60B6}.Debug|Any CPU.Build.0 = Debug|Any CPU
		{EEDACDAB-9766-40A8-89C5-DD02A54B60B6}.Release|Any CPU.ActiveCfg = Release|Any CPU
		{EEDACDAB-9766-40A8-89C5-DD02A54B60B6}.Release|Any CPU.Build.0 = Release|Any CPU
	EndGlobalSection
	GlobalSection(SolutionProperties) = preSolution
		HideSolutionNode = FALSE
	EndGlobalSection
	GlobalSection(ExtensibilityGlobals) = postSolution
		SolutionGuid = {78FF6C8A-148C-4944-A041-272AB7261F57}
	EndGlobalSection
EndGlobal
